
Microsoft Visual Studio Solution File, Format Version 12.00
# Visual Studio Version 16
VisualStudioVersion = 25.0.1703.4
MinimumVisualStudioVersion = 10.0.40219.1
Project("{FAE04EC0-301F-11D3-BF4B-00C04F79EFBC}") = "OnboardingProject", "OnboardingProject\OnboardingProject.csproj", "{D1410D1F-BDE7-4355-BDB7-3AC3FE6650FC}"
EndProject
Global
	GlobalSection(SolutionConfigurationPlatforms) = preSolution
		Debug|Any CPU = Debug|Any CPU
		Release|Any CPU = Release|Any CPU
	EndGlobalSection
	GlobalSection(ProjectConfigurationPlatforms) = postSolution
		{D1410D1F-BDE7-4355-BDB7-3AC3FE6650FC}.Debug|Any CPU.ActiveCfg = Debug|Any CPU
		{D1410D1F-BDE7-4355-BDB7-3AC3FE6650FC}.Debug|Any CPU.Build.0 = Debug|Any CPU
		{D1410D1F-BDE7-4355-BDB7-3AC3FE6650FC}.Release|Any CPU.ActiveCfg = Release|Any CPU
		{D1410D1F-BDE7-4355-BDB7-3AC3FE6650FC}.Release|Any CPU.Build.0 = Release|Any CPU
	EndGlobalSection
	GlobalSection(SolutionProperties) = preSolution
		HideSolutionNode = FALSE
	EndGlobalSection
	GlobalSection(ExtensibilityGlobals) = postSolution
		SolutionGuid = {E000EDA3-CFC9-4EA4-B86E-CD998088E745}
	EndGlobalSection
EndGlobal
